
Microsoft Visual Studio Solution File, Format Version 12.00
# Visual Studio Version 17
VisualStudioVersion = 17.14.36414.22 d17.14
MinimumVisualStudioVersion = 10.0.40219.1
Project("{FAE04EC0-301F-11D3-BF4B-00C04F79EFBC}") = "WAVPlayer", "WAVPlayer\WAVPlayer.csproj", "{D984CE0A-76D7-4FA5-B082-240EC79127FE}"
EndProject
Global
	GlobalSection(SolutionConfigurationPlatforms) = preSolution
		Debug|Any CPU = Debug|Any CPU
		Release|Any CPU = Release|Any CPU
	EndGlobalSection
	GlobalSection(ProjectConfigurationPlatforms) = postSolution
		{D984CE0A-76D7-4FA5-B082-240EC79127FE}.Debug|Any CPU.ActiveCfg = Debug|Any CPU
		{D984CE0A-76D7-4FA5-B082-240EC79127FE}.Debug|Any CPU.Build.0 = Debug|Any CPU
		{D984CE0A-76D7-4FA5-B082-240EC79127FE}.Release|Any CPU.ActiveCfg = Release|Any CPU
		{D984CE0A-76D7-4FA5-B082-240EC79127FE}.Release|Any CPU.Build.0 = Release|Any CPU
	EndGlobalSection
	GlobalSection(SolutionProperties) = preSolution
		HideSolutionNode = FALSE
	EndGlobalSection
	GlobalSection(ExtensibilityGlobals) = postSolution
		SolutionGuid = {00B67616-EBF4-4113-A634-97E309EDBAAD}
	EndGlobalSection
EndGlobal
